{
  "name": "Back_end",
  "lockfileVersion": 3,
  "requires": true,
  "packages": {
    "": {
      "dependencies": {
        "inity": "^1.0.5"
      }
    },
    "node_modules/inity": {
      "version": "1.0.5",
      "resolved": "https://registry.npmjs.org/inity/-/inity-1.0.5.tgz",
      "integrity": "sha512-MLtZ0YpAThWQYqTOl/WgMO9MLBJI8CSmvhf690kgjSepme8THcsX6r5MClE2ontnsmvddFYuGv0XgUTdIRhISQ==",
      "license": "MIT",
      "engines": {
        "node": ">=8"
      }
    }
  }
}
